# This file is automatically @generated by Cargo.
# It is not intended for manual editing.
version = 3

[[package]]
name = "raddbg-rs"
version = "0.1.0"
dependencies = [
 "rust_src",
]

[[package]]
name = "rust_src"
version = "0.0.0"
source = "registry+https://github.com/rust-lang/crates.io-index"
checksum = "e0641980f0ea1cc4cefdb37f23233aaf66118011c7304e77be94e75d6dfbc878"
